
Microsoft Visual Studio Solution File, Format Version 12.00
# Visual Studio 15
VisualStudioVersion = 15.0.27703.2047
MinimumVisualStudioVersion = 10.0.40219.1
Project("{9A19103F-16F7-4668-BE54-9A1E7A4F7556}") = "DrawingConsolidationProject", "DrawingConsolidationProject.csproj", "{D464A6B1-DBB0-495D-AF53-96A41E1EABAD}"
EndProject
Global
	GlobalSection(SolutionConfigurationPlatforms) = preSolution
		Debug|Any CPU = Debug|Any CPU
		Release|Any CPU = Release|Any CPU
	EndGlobalSection
	GlobalSection(ProjectConfigurationPlatforms) = postSolution
		{D464A6B1-DBB0-495D-AF53-96A41E1EABAD}.Debug|Any CPU.ActiveCfg = Debug|Any CPU
		{D464A6B1-DBB0-495D-AF53-96A41E1EABAD}.Debug|Any CPU.Build.0 = Debug|Any CPU
		{D464A6B1-DBB0-495D-AF53-96A41E1EABAD}.Release|Any CPU.ActiveCfg = Release|Any CPU
		{D464A6B1-DBB0-495D-AF53-96A41E1EABAD}.Release|Any CPU.Build.0 = Release|Any CPU
	EndGlobalSection
	GlobalSection(SolutionProperties) = preSolution
		HideSolutionNode = FALSE
	EndGlobalSection
	GlobalSection(ExtensibilityGlobals) = postSolution
		SolutionGuid = {28D3E878-2EC2-49D0-99A8-E54557642AE5}
	EndGlobalSection
EndGlobal
